
Microsoft Visual Studio Solution File, Format Version 12.00
# Visual Studio Version 17
VisualStudioVersion = 17.2.32630.192
MinimumVisualStudioVersion = 10.0.40219.1
Project("{FAE04EC0-301F-11D3-BF4B-00C04F79EFBC}") = "stablizer", "stablizer\stablizer.csproj", "{A3641F4E-DDAD-42DB-9043-2AAB6B75C1C3}"
EndProject
Global
	GlobalSection(SolutionConfigurationPlatforms) = preSolution
		Debug|Any CPU = Debug|Any CPU
		Release|Any CPU = Release|Any CPU
	EndGlobalSection
	GlobalSection(ProjectConfigurationPlatforms) = postSolution
		{A3641F4E-DDAD-42DB-9043-2AAB6B75C1C3}.Debug|Any CPU.ActiveCfg = Debug|Any CPU
		{A3641F4E-DDAD-42DB-9043-2AAB6B75C1C3}.Debug|Any CPU.Build.0 = Debug|Any CPU
		{A3641F4E-DDAD-42DB-9043-2AAB6B75C1C3}.Release|Any CPU.ActiveCfg = Release|Any CPU
		{A3641F4E-DDAD-42DB-9043-2AAB6B75C1C3}.Release|Any CPU.Build.0 = Release|Any CPU
	EndGlobalSection
	GlobalSection(SolutionProperties) = preSolution
		HideSolutionNode = FALSE
	EndGlobalSection
	GlobalSection(ExtensibilityGlobals) = postSolution
		SolutionGuid = {0DB7448E-B26A-48AB-A281-4901B935851D}
	EndGlobalSection
EndGlobal
